
Microsoft Visual Studio Solution File, Format Version 12.00
# Visual Studio Version 17
VisualStudioVersion = 17.14.36908.2 d17.14
MinimumVisualStudioVersion = 10.0.40219.1
Project("{FAE04EC0-301F-11D3-BF4B-00C04F79EFBC}") = "test_demo", "test_demo\test_demo.csproj", "{BDB731C3-F2D7-47EC-8B75-010F3A332461}"
EndProject
Global
	GlobalSection(SolutionConfigurationPlatforms) = preSolution
		Debug|Any CPU = Debug|Any CPU
		Release|Any CPU = Release|Any CPU
	EndGlobalSection
	GlobalSection(ProjectConfigurationPlatforms) = postSolution
		{BDB731C3-F2D7-47EC-8B75-010F3A332461}.Debug|Any CPU.ActiveCfg = Debug|Any CPU
		{BDB731C3-F2D7-47EC-8B75-010F3A332461}.Debug|Any CPU.Build.0 = Debug|Any CPU
		{BDB731C3-F2D7-47EC-8B75-010F3A332461}.Release|Any CPU.ActiveCfg = Release|Any CPU
		{BDB731C3-F2D7-47EC-8B75-010F3A332461}.Release|Any CPU.Build.0 = Release|Any CPU
	EndGlobalSection
	GlobalSection(SolutionProperties) = preSolution
		HideSolutionNode = FALSE
	EndGlobalSection
	GlobalSection(ExtensibilityGlobals) = postSolution
		SolutionGuid = {EC06AD03-6611-4DAB-8FF9-22EB65D73E95}
	EndGlobalSection
EndGlobal
